
Microsoft Visual Studio Solution File, Format Version 12.00
# Visual Studio 15
VisualStudioVersion = 15.0.27130.2027
MinimumVisualStudioVersion = 10.0.40219.1
Project("{8BC9CEB8-8B4A-11D0-8D11-00A0C91BC942}") = "SDL_App", "SDL_App\SDL_App.vcxproj", "{33BC7359-EBFB-4FA3-A5BC-8D41F06C641B}"
	ProjectSection(ProjectDependencies) = postProject
		{E6577B55-2078-4E50-9CDA-3471104FF2F5} = {E6577B55-2078-4E50-9CDA-3471104FF2F5}
	EndProjectSection
EndProject
Project("{8BC9CEB8-8B4A-11D0-8D11-00A0C91BC942}") = "SDLLib", "SDLLib\SDLLib.vcxproj", "{E6577B55-2078-4E50-9CDA-3471104FF2F5}"
EndProject
Project("{8BC9CEB8-8B4A-11D0-8D11-00A0C91BC942}") = "SDL_App_DLL", "SDL_App_DLL\SDL_App_DLL.vcxproj", "{D78AF21F-1E78-437B-944F-6011E8A98C9B}"
	ProjectSection(ProjectDependencies) = postProject
		{D1C53043-A587-4711-985D-5F242C5EE8BC} = {D1C53043-A587-4711-985D-5F242C5EE8BC}
	EndProjectSection
EndProject
Project("{8BC9CEB8-8B4A-11D0-8D11-00A0C91BC942}") = "SDLLibVE", "SDLLibVE\SDLLibVE.vcxproj", "{D1C53043-A587-4711-985D-5F242C5EE8BC}"
EndProject
Project("{8BC9CEB8-8B4A-11D0-8D11-00A0C91BC942}") = "H264SinkWriter", "H264SinkWriter\H264SinkWriter.vcxproj", "{9D3E0AD1-827A-41F8-BA89-CFBD9ED7272E}"
	ProjectSection(ProjectDependencies) = postProject
		{D78AF21F-1E78-437B-944F-6011E8A98C9B} = {D78AF21F-1E78-437B-944F-6011E8A98C9B}
	EndProjectSection
EndProject
Project("{9A19103F-16F7-4668-BE54-9A1E7A4F7556}") = "WebApp", "WebApp\WebApp.csproj", "{00140C40-59D3-4AF6-A448-F43288470D6C}"
EndProject
Global
	GlobalSection(SolutionConfigurationPlatforms) = preSolution
		Debug|Any CPU = Debug|Any CPU
		Debug|Mixed Platforms = Debug|Mixed Platforms
		Debug|Win32 = Debug|Win32
		Debug|x64 = Debug|x64
		Debug|x86 = Debug|x86
		Release|Any CPU = Release|Any CPU
		Release|Mixed Platforms = Release|Mixed Platforms
		Release|Win32 = Release|Win32
		Release|x64 = Release|x64
		Release|x86 = Release|x86
	EndGlobalSection
	GlobalSection(ProjectConfigurationPlatforms) = postSolution
		{33BC7359-EBFB-4FA3-A5BC-8D41F06C641B}.Debug|Any CPU.ActiveCfg = Debug|Win32
		{33BC7359-EBFB-4FA3-A5BC-8D41F06C641B}.Debug|Mixed Platforms.ActiveCfg = Debug|Win32
		{33BC7359-EBFB-4FA3-A5BC-8D41F06C641B}.Debug|Mixed Platforms.Build.0 = Debug|Win32
		{33BC7359-EBFB-4FA3-A5BC-8D41F06C641B}.Debug|Win32.ActiveCfg = Debug|Win32
		{33BC7359-EBFB-4FA3-A5BC-8D41F06C641B}.Debug|Win32.Build.0 = Debug|Win32
		{33BC7359-EBFB-4FA3-A5BC-8D41F06C641B}.Debug|x64.ActiveCfg = Debug|Win32
		{33BC7359-EBFB-4FA3-A5BC-8D41F06C641B}.Debug|x86.ActiveCfg = Debug|Win32
		{33BC7359-EBFB-4FA3-A5BC-8D41F06C641B}.Debug|x86.Build.0 = Debug|Win32
		{33BC7359-EBFB-4FA3-A5BC-8D41F06C641B}.Release|Any CPU.ActiveCfg = Release|Win32
		{33BC7359-EBFB-4FA3-A5BC-8D41F06C641B}.Release|Mixed Platforms.ActiveCfg = Release|Win32
		{33BC7359-EBFB-4FA3-A5BC-8D41F06C641B}.Release|Mixed Platforms.Build.0 = Release|Win32
		{33BC7359-EBFB-4FA3-A5BC-8D41F06C641B}.Release|Win32.ActiveCfg = Release|Win32
		{33BC7359-EBFB-4FA3-A5BC-8D41F06C641B}.Release|Win32.Build.0 = Release|Win32
		{33BC7359-EBFB-4FA3-A5BC-8D41F06C641B}.Release|x64.ActiveCfg = Release|x64
		{33BC7359-EBFB-4FA3-A5BC-8D41F06C641B}.Release|x64.Build.0 = Release|x64
		{33BC7359-EBFB-4FA3-A5BC-8D41F06C641B}.Release|x86.ActiveCfg = Release|Win32
		{33BC7359-EBFB-4FA3-A5BC-8D41F06C641B}.Release|x86.Build.0 = Release|Win32
		{E6577B55-2078-4E50-9CDA-3471104FF2F5}.Debug|Any CPU.ActiveCfg = Debug|Win32
		{E6577B55-2078-4E50-9CDA-3471104FF2F5}.Debug|Mixed Platforms.ActiveCfg = Debug|Win32
		{E6577B55-2078-4E50-9CDA-3471104FF2F5}.Debug|Mixed Platforms.Build.0 = Debug|Win32
		{E6577B55-2078-4E50-9CDA-3471104FF2F5}.Debug|Win32.ActiveCfg = Debug|Win32
		{E6577B55-2078-4E50-9CDA-3471104FF2F5}.Debug|Win32.Build.0 = Debug|Win32
		{E6577B55-2078-4E50-9CDA-3471104FF2F5}.Debug|x64.ActiveCfg = Debug|Win32
		{E6577B55-2078-4E50-9CDA-3471104FF2F5}.Debug|x86.ActiveCfg = Debug|Win32
		{E6577B55-2078-4E50-9CDA-3471104FF2F5}.Debug|x86.Build.0 = Debug|Win32
		{E6577B55-2078-4E50-9CDA-3471104FF2F5}.Release|Any CPU.ActiveCfg = Release|Win32
		{E6577B55-2078-4E50-9CDA-3471104FF2F5}.Release|Mixed Platforms.ActiveCfg = Release|Win32
		{E6577B55-2078-4E50-9CDA-3471104FF2F5}.Release|Mixed Platforms.Build.0 = Release|Win32
		{E6577B55-2078-4E50-9CDA-3471104FF2F5}.Release|Win32.ActiveCfg = Release|Win32
		{E6577B55-2078-4E50-9CDA-3471104FF2F5}.Release|Win32.Build.0 = Release|Win32
		{E6577B55-2078-4E50-9CDA-3471104FF2F5}.Release|x64.ActiveCfg = Release|x64
		{E6577B55-2078-4E50-9CDA-3471104FF2F5}.Release|x64.Build.0 = Release|x64
		{E6577B55-2078-4E50-9CDA-3471104FF2F5}.Release|x86.ActiveCfg = Release|Win32
		{E6577B55-2078-4E50-9CDA-3471104FF2F5}.Release|x86.Build.0 = Release|Win32
		{D78AF21F-1E78-437B-944F-6011E8A98C9B}.Debug|Any CPU.ActiveCfg = Debug|Win32
		{D78AF21F-1E78-437B-944F-6011E8A98C9B}.Debug|Mixed Platforms.ActiveCfg = Debug|Win32
		{D78AF21F-1E78-437B-944F-6011E8A98C9B}.Debug|Mixed Platforms.Build.0 = Debug|Win32
		{D78AF21F-1E78-437B-944F-6011E8A98C9B}.Debug|Win32.ActiveCfg = Debug|Win32
		{D78AF21F-1E78-437B-944F-6011E8A98C9B}.Debug|Win32.Build.0 = Debug|Win32
		{D78AF21F-1E78-437B-944F-6011E8A98C9B}.Debug|x64.ActiveCfg = Debug|Win32
		{D78AF21F-1E78-437B-944F-6011E8A98C9B}.Debug|x86.ActiveCfg = Debug|Win32
		{D78AF21F-1E78-437B-944F-6011E8A98C9B}.Debug|x86.Build.0 = Debug|Win32
		{D78AF21F-1E78-437B-944F-6011E8A98C9B}.Release|Any CPU.ActiveCfg = Release|Win32
		{D78AF21F-1E78-437B-944F-6011E8A98C9B}.Release|Mixed Platforms.ActiveCfg = Release|Win32
		{D78AF21F-1E78-437B-944F-6011E8A98C9B}.Release|Mixed Platforms.Build.0 = Release|Win32
		{D78AF21F-1E78-437B-944F-6011E8A98C9B}.Release|Win32.ActiveCfg = Release|Win32
		{D78AF21F-1E78-437B-944F-6011E8A98C9B}.Release|Win32.Build.0 = Release|Win32
		{D78AF21F-1E78-437B-944F-6011E8A98C9B}.Release|x64.ActiveCfg = Release|x64
		{D78AF21F-1E78-437B-944F-6011E8A98C9B}.Release|x64.Build.0 = Release|x64
		{D78AF21F-1E78-437B-944F-6011E8A98C9B}.Release|x86.ActiveCfg = Release|Win32
		{D78AF21F-1E78-437B-944F-6011E8A98C9B}.Release|x86.Build.0 = Release|Win32
		{D1C53043-A587-4711-985D-5F242C5EE8BC}.Debug|Any CPU.ActiveCfg = Debug|Win32
		{D1C53043-A587-4711-985D-5F242C5EE8BC}.Debug|Mixed Platforms.ActiveCfg = Debug|Win32
		{D1C53043-A587-4711-985D-5F242C5EE8BC}.Debug|Mixed Platforms.Build.0 = Debug|Win32
		{D1C53043-A587-4711-985D-5F242C5EE8BC}.Debug|Win32.ActiveCfg = Debug|Win32
		{D1C53043-A587-4711-985D-5F242C5EE8BC}.Debug|Win32.Build.0 = Debug|Win32
		{D1C53043-A587-4711-985D-5F242C5EE8BC}.Debug|x64.ActiveCfg = Debug|x64
		{D1C53043-A587-4711-985D-5F242C5EE8BC}.Debug|x64.Build.0 = Debug|x64
		{D1C53043-A587-4711-985D-5F242C5EE8BC}.Debug|x86.ActiveCfg = Debug|Win32
		{D1C53043-A587-4711-985D-5F242C5EE8BC}.Debug|x86.Build.0 = Debug|Win32
		{D1C53043-A587-4711-985D-5F242C5EE8BC}.Release|Any CPU.ActiveCfg = Release|Win32
		{D1C53043-A587-4711-985D-5F242C5EE8BC}.Release|Mixed Platforms.ActiveCfg = Release|Win32
		{D1C53043-A587-4711-985D-5F242C5EE8BC}.Release|Mixed Platforms.Build.0 = Release|Win32
		{D1C53043-A587-4711-985D-5F242C5EE8BC}.Release|Win32.ActiveCfg = Release|Win32
		{D1C53043-A587-4711-985D-5F242C5EE8BC}.Release|Win32.Build.0 = Release|Win32
		{D1C53043-A587-4711-985D-5F242C5EE8BC}.Release|x64.ActiveCfg = Release|x64
		{D1C53043-A587-4711-985D-5F242C5EE8BC}.Release|x64.Build.0 = Release|x64
		{D1C53043-A587-4711-985D-5F242C5EE8BC}.Release|x86.ActiveCfg = Release|Win32
		{D1C53043-A587-4711-985D-5F242C5EE8BC}.Release|x86.Build.0 = Release|Win32
		{9D3E0AD1-827A-41F8-BA89-CFBD9ED7272E}.Debug|Any CPU.ActiveCfg = Debug|Win32
		{9D3E0AD1-827A-41F8-BA89-CFBD9ED7272E}.Debug|Mixed Platforms.ActiveCfg = Debug|Win32
		{9D3E0AD1-827A-41F8-BA89-CFBD9ED7272E}.Debug|Mixed Platforms.Build.0 = Debug|Win32
		{9D3E0AD1-827A-41F8-BA89-CFBD9ED7272E}.Debug|Win32.ActiveCfg = Debug|Win32
		{9D3E0AD1-827A-41F8-BA89-CFBD9ED7272E}.Debug|Win32.Build.0 = Debug|Win32
		{9D3E0AD1-827A-41F8-BA89-CFBD9ED7272E}.Debug|x64.ActiveCfg = Debug|x64
		{9D3E0AD1-827A-41F8-BA89-CFBD9ED7272E}.Debug|x64.Build.0 = Debug|x64
		{9D3E0AD1-827A-41F8-BA89-CFBD9ED7272E}.Debug|x86.ActiveCfg = Debug|Win32
		{9D3E0AD1-827A-41F8-BA89-CFBD9ED7272E}.Debug|x86.Build.0 = Debug|Win32
		{9D3E0AD1-827A-41F8-BA89-CFBD9ED7272E}.Release|Any CPU.ActiveCfg = Release|Win32
		{9D3E0AD1-827A-41F8-BA89-CFBD9ED7272E}.Release|Mixed Platforms.ActiveCfg = Release|Win32
		{9D3E0AD1-827A-41F8-BA89-CFBD9ED7272E}.Release|Mixed Platforms.Build.0 = Release|Win32
		{9D3E0AD1-827A-41F8-BA89-CFBD9ED7272E}.Release|Win32.ActiveCfg = Release|Win32
		{9D3E0AD1-827A-41F8-BA89-CFBD9ED7272E}.Release|Win32.Build.0 = Release|Win32
		{9D3E0AD1-827A-41F8-BA89-CFBD9ED7272E}.Release|x64.ActiveCfg = Release|x64
		{9D3E0AD1-827A-41F8-BA89-CFBD9ED7272E}.Release|x64.Build.0 = Release|x64
		{9D3E0AD1-827A-41F8-BA89-CFBD9ED7272E}.Release|x86.ActiveCfg = Release|Win32
		{9D3E0AD1-827A-41F8-BA89-CFBD9ED7272E}.Release|x86.Build.0 = Release|Win32
		{00140C40-59D3-4AF6-A448-F43288470D6C}.Debug|Any CPU.ActiveCfg = Debug|Any CPU
		{00140C40-59D3-4AF6-A448-F43288470D6C}.Debug|Any CPU.Build.0 = Debug|Any CPU
		{00140C40-59D3-4AF6-A448-F43288470D6C}.Debug|Mixed Platforms.ActiveCfg = Debug|Any CPU
		{00140C40-59D3-4AF6-A448-F43288470D6C}.Debug|Mixed Platforms.Build.0 = Debug|Any CPU
		{00140C40-59D3-4AF6-A448-F43288470D6C}.Debug|Win32.ActiveCfg = Debug|Any CPU
		{00140C40-59D3-4AF6-A448-F43288470D6C}.Debug|Win32.Build.0 = Debug|Any CPU
		{00140C40-59D3-4AF6-A448-F43288470D6C}.Debug|x64.ActiveCfg = Debug|Any CPU
		{00140C40-59D3-4AF6-A448-F43288470D6C}.Debug|x64.Build.0 = Debug|Any CPU
		{00140C40-59D3-4AF6-A448-F43288470D6C}.Debug|x86.ActiveCfg = Debug|Any CPU
		{00140C40-59D3-4AF6-A448-F43288470D6C}.Debug|x86.Build.0 = Debug|Any CPU
		{00140C40-59D3-4AF6-A448-F43288470D6C}.Release|Any CPU.ActiveCfg = Release|Any CPU
		{00140C40-59D3-4AF6-A448-F43288470D6C}.Release|Any CPU.Build.0 = Release|Any CPU
		{00140C40-59D3-4AF6-A448-F43288470D6C}.Release|Mixed Platforms.ActiveCfg = Release|Any CPU
		{00140C40-59D3-4AF6-A448-F43288470D6C}.Release|Mixed Platforms.Build.0 = Release|Any CPU
		{00140C40-59D3-4AF6-A448-F43288470D6C}.Release|Win32.ActiveCfg = Release|Any CPU
		{00140C40-59D3-4AF6-A448-F43288470D6C}.Release|Win32.Build.0 = Release|Any CPU
		{00140C40-59D3-4AF6-A448-F43288470D6C}.Release|x64.ActiveCfg = Release|Any CPU
		{00140C40-59D3-4AF6-A448-F43288470D6C}.Release|x64.Build.0 = Release|Any CPU
		{00140C40-59D3-4AF6-A448-F43288470D6C}.Release|x86.ActiveCfg = Release|Any CPU
		{00140C40-59D3-4AF6-A448-F43288470D6C}.Release|x86.Build.0 = Release|Any CPU
	EndGlobalSection
	GlobalSection(SolutionProperties) = preSolution
		HideSolutionNode = FALSE
	EndGlobalSection
	GlobalSection(ExtensibilityGlobals) = postSolution
		SolutionGuid = {46109A2B-72B5-439C-900D-E2F59A2B2FB8}
	EndGlobalSection
EndGlobal
